
Microsoft Visual Studio Solution File, Format Version 12.00
# Visual Studio 2013
VisualStudioVersion = 12.0.40629.0
MinimumVisualStudioVersion = 10.0.40219.1
Project("{FAE04EC0-301F-11D3-BF4B-00C04F79EFBC}") = "HL7Enumerator", "HL7Enumerator\HL7Enumerator.csproj", "{03439DB7-D01D-4488-A7A8-396CC87B58D6}"
EndProject
Project("{FAE04EC0-301F-11D3-BF4B-00C04F79EFBC}") = "TestHL7Enumerator", "TestHL7Enumerator\TestHL7Enumerator.csproj", "{7BB96519-609B-4DE0-A516-1E150D3C75AB}"
EndProject
Project("{FAE04EC0-301F-11D3-BF4B-00C04F79EFBC}") = "Example1", "Example1\Example1.csproj", "{63F05A8C-3782-4890-A129-6EDD3C48D99A}"
EndProject
Project("{2150E333-8FDC-42A3-9474-1A3956D46DE8}") = "Solution Items", "Solution Items", "{ECE9A6E7-9C64-4C3E-B7D8-D699F64F031A}"
EndProject
Global
	GlobalSection(SolutionConfigurationPlatforms) = preSolution
		Debug|Any CPU = Debug|Any CPU
		Release|Any CPU = Release|Any CPU
	EndGlobalSection
	GlobalSection(ProjectConfigurationPlatforms) = postSolution
		{03439DB7-D01D-4488-A7A8-396CC87B58D6}.Debug|Any CPU.ActiveCfg = Debug|Any CPU
		{03439DB7-D01D-4488-A7A8-396CC87B58D6}.Debug|Any CPU.Build.0 = Debug|Any CPU
		{03439DB7-D01D-4488-A7A8-396CC87B58D6}.Release|Any CPU.ActiveCfg = Release|Any CPU
		{03439DB7-D01D-4488-A7A8-396CC87B58D6}.Release|Any CPU.Build.0 = Release|Any CPU
		{7BB96519-609B-4DE0-A516-1E150D3C75AB}.Debug|Any CPU.ActiveCfg = Debug|Any CPU
		{7BB96519-609B-4DE0-A516-1E150D3C75AB}.Debug|Any CPU.Build.0 = Debug|Any CPU
		{7BB96519-609B-4DE0-A516-1E150D3C75AB}.Release|Any CPU.ActiveCfg = Release|Any CPU
		{7BB96519-609B-4DE0-A516-1E150D3C75AB}.Release|Any CPU.Build.0 = Release|Any CPU
		{63F05A8C-3782-4890-A129-6EDD3C48D99A}.Debug|Any CPU.ActiveCfg = Debug|Any CPU
		{63F05A8C-3782-4890-A129-6EDD3C48D99A}.Debug|Any CPU.Build.0 = Debug|Any CPU
		{63F05A8C-3782-4890-A129-6EDD3C48D99A}.Release|Any CPU.ActiveCfg = Release|Any CPU
		{63F05A8C-3782-4890-A129-6EDD3C48D99A}.Release|Any CPU.Build.0 = Release|Any CPU
	EndGlobalSection
	GlobalSection(SolutionProperties) = preSolution
		HideSolutionNode = FALSE
	EndGlobalSection
EndGlobal
